// !$*UTF8*$!
{
	archiveVersion = 1;
	classes = {
	};
	objectVersion = 50;
	objects = {

/* Begin PBXBuildFile section */
		8714E9AD26574D8200FFFBC2 /* AppDelegate.swift in Sources */ = {isa = PBXBuildFile; fileRef = 8714E9AC26574D8200FFFBC2 /* AppDelegate.swift */; };
		8714E9AF26574D8200FFFBC2 /* SceneDelegate.swift in Sources */ = {isa = PBXBuildFile; fileRef = 8714E9AE26574D8200FFFBC2 /* SceneDelegate.swift */; };
		8714E9B126574D8200FFFBC2 /* ViewController.swift in Sources */ = {isa = PBXBuildFile; fileRef = 8714E9B026574D8200FFFBC2 /* ViewController.swift */; };
		8714E9B426574D8200FFFBC2 /* Main.storyboard in Resources */ = {isa = PBXBuildFile; fileRef = 8714E9B226574D8200FFFBC2 /* Main.storyboard */; };
		8714E9B626574D8500FFFBC2 /* Assets.xcassets in Resources */ = {isa = PBXBuildFile; fileRef = 8714E9B526574D8500FFFBC2 /* Assets.xcassets */; };
		8714E9B926574D8500FFFBC2 /* LaunchScreen.storyboard in Resources */ = {isa = PBXBuildFile; fileRef = 8714E9B726574D8500FFFBC2 /* LaunchScreen.storyboard */; };
/* End PBXBuildFile section */

/* Begin PBXFileReference section */
		8714E9A926574D8200FFFBC2 /* SngularQuizGame.app */ = {isa = PBXFileReference; explicitFileType = wrapper.application; includeInIndex = 0; path = SngularQuizGame.app; sourceTree = BUILT_PRODUCTS_DIR; };
		8714E9AC26574D8200FFFBC2 /* AppDelegate.swift */ = {isa = PBXFileReference; lastKnownFileType = sourcecode.swift; path = AppDelegate.swift; sourceTree = "<group>"; };
		8714E9AE26574D8200FFFBC2 /* SceneDelegate.swift */ = {isa = PBXFileReference; lastKnownFileType = sourcecode.swift; path = SceneDelegate.swift; sourceTree = "<group>"; };
		8714E9B026574D8200FFFBC2 /* ViewController.swift */ = {isa = PBXFileReference; lastKnownFileType = sourcecode.swift; path = ViewController.swift; sourceTree = "<group>"; };
		8714E9B326574D8200FFFBC2 /* Base */ = {isa = PBXFileReference; lastKnownFileType = file.storyboard; name = Base; path = Base.lproj/Main.storyboard; sourceTree = "<group>"; };
		8714E9B526574D8500FFFBC2 /* Assets.xcassets */ = {isa = PBXFileReference; lastKnownFileType = folder.assetcatalog; path = Assets.xcassets; sourceTree = "<group>"; };
		8714E9B826574D8500FFFBC2 /* Base */ = {isa = PBXFileReference; lastKnownFileType = file.storyboard; name = Base; path = Base.lproj/LaunchScreen.storyboard; sourceTree = "<group>"; };
		8714E9BA26574D8500FFFBC2 /* Info.plist */ = {isa = PBXFileReference; lastKnownFileType = text.plist.xml; path = Info.plist; sourceTree = "<group>"; };
/* End PBXFileReference section */

/* Begin PBXFrameworksBuildPhase section */
		8714E9A626574D8200FFFBC2 /* Frameworks */ = {
			isa = PBXFrameworksBuildPhase;
			buildActionMask = 2147483647;
			files = (
			);
			runOnlyForDeploymentPostprocessing = 0;
		};
/* End PBXFrameworksBuildPhase section */

/* Begin PBXGroup section */
		8714E9A026574D8100FFFBC2 = {
			isa = PBXGroup;
			children = (
				8714E9AB26574D8200FFFBC2 /* SngularQuizGame */,
				8714E9AA26574D8200FFFBC2 /* Products */,
			);
			sourceTree = "<group>";
		};
		8714E9AA26574D8200FFFBC2 /* Products */ = {
			isa = PBXGroup;
			children = (
				8714E9A926574D8200FFFBC2 /* SngularQuizGame.app */,
			);
			name = Products;
			sourceTree = "<group>";
		};
		8714E9AB26574D8200FFFBC2 /* SngularQuizGame */ = {
			isa = PBXGroup;
			children = (
				8714E9AC26574D8200FFFBC2 /* AppDelegate.swift */,
				8714E9AE26574D8200FFFBC2 /* SceneDelegate.swift */,
				8714E9B026574D8200FFFBC2 /* ViewController.swift */,
				8714E9B226574D8200FFFBC2 /* Main.storyboard */,
				8714E9B526574D8500FFFBC2 /* Assets.xcassets */,
				8714E9B726574D8500FFFBC2 /* LaunchScreen.storyboard */,
				8714E9BA26574D8500FFFBC2 /* Info.plist */,
			);
			path = SngularQuizGame;
			sourceTree = "<group>";
		};
/* End PBXGroup section */

/* Begin PBXNativeTarget section */
		8714E9A826574D8200FFFBC2 /* SngularQuizGame */ = {
			isa = PBXNativeTarget;
			buildConfigurationList = 8714E9BD26574D8500FFFBC2 /* Build configuration list for PBXNativeTarget "SngularQuizGame" */;
			buildPhases = (
				8714E9A526574D8200FFFBC2 /* Sources */,
				8714E9A626574D8200FFFBC2 /* Frameworks */,
				8714E9A726574D8200FFFBC2 /* Resources */,
			);
			buildRules = (
			);
			dependencies = (
			);
			name = SngularQuizGame;
			productName = SngularQuizGame;
			productReference = 8714E9A926574D8200FFFBC2 /* SngularQuizGame.app */;
			productType = "com.apple.product-type.application";
		};
/* End PBXNativeTarget section */

/* Begin PBXProject section */
		8714E9A126574D8100FFFBC2 /* Project object */ = {
			isa = PBXProject;
			attributes = {
				LastSwiftUpdateCheck = 1240;
				LastUpgradeCheck = 1240;
				TargetAttributes = {
					8714E9A826574D8200FFFBC2 = {
						CreatedOnToolsVersion = 12.4;
					};
				};
			};
			buildConfigurationList = 8714E9A426574D8100FFFBC2 /* Build configuration list for PBXProject "SngularQuizGame" */;
			compatibilityVersion = "Xcode 9.3";
			developmentRegion = en;
			hasScannedForEncodings = 0;
			knownRegions = (
				en,
				Base,
			);
			mainGroup = 8714E9A026574D8100FFFBC2;
			productRefGroup = 8714E9AA26574D8200FFFBC2 /* Products */;
			projectDirPath = "";
			projectRoot = "";
			targets = (
				8714E9A826574D8200FFFBC2 /* SngularQuizGame */,
			);
		};
/* End PBXProject section */

/* Begin PBXResourcesBuildPhase section */
		8714E9A726574D8200FFFBC2 /* Resources */ = {
			isa = PBXResourcesBuildPhase;
			buildActionMask = 2147483647;
			files = (
				8714E9B926574D8500FFFBC2 /* LaunchScreen.storyboard in Resources */,
				8714E9B626574D8500FFFBC2 /* Assets.xcassets in Resources */,
				8714E9B426574D8200FFFBC2 /* Main.storyboard in Resources */,
			);
			runOnlyForDeploymentPostprocessing = 0;
		};
/* End PBXResourcesBuildPhase section */

/* Begin PBXSourcesBuildPhase section */
		8714E9A526574D8200FFFBC2 /* Sources */ = {
			isa = PBXSourcesBuildPhase;
			buildActionMask = 2147483647;
			files = (
				8714E9B126574D8200FFFBC2 /* ViewController.swift in Sources */,
				8714E9AD26574D8200FFFBC2 /* AppDelegate.swift in Sources */,
				8714E9AF26574D8200FFFBC2 /* SceneDelegate.swift in Sources */,
			);
			runOnlyForDeploymentPostprocessing = 0;
		};
/* End PBXSourcesBuildPhase section */

/* Begin PBXVariantGroup section */
		8714E9B226574D8200FFFBC2 /* Main.storyboard */ = {
			isa = PBXVariantGroup;
			children = (
				8714E9B326574D8200FFFBC2 /* Base */,
			);
			name = Main.storyboard;
			sourceTree = "<group>";
		};
		8714E9B726574D8500FFFBC2 /* LaunchScreen.storyboard */ = {
			isa = PBXVariantGroup;
			children = (
				8714E9B826574D8500FFFBC2 /* Base */,
			);
			name = LaunchScreen.storyboard;
			sourceTree = "<group>";
		};
/* End PBXVariantGroup section */

/* Begin XCBuildConfiguration section */
		8714E9BB26574D8500FFFBC2 /* Debug */ = {
			isa = XCBuildConfiguration;
			buildSettings = {
				ALWAYS_SEARCH_USER_PATHS = NO;
				CLANG_ANALYZER_NONNULL = YES;
				CLANG_ANALYZER_NUMBER_OBJECT_CONVERSION = YES_AGGRESSIVE;
				CLANG_CXX_LANGUAGE_STANDARD = "gnu++14";
				CLANG_CXX_LIBRARY = "libc++";
				CLANG_ENABLE_MODULES = YES;
				CLANG_ENABLE_OBJC_ARC = YES;
				CLANG_ENABLE_OBJC_WEAK = YES;
				CLANG_WARN_BLOCK_CAPTURE_AUTORELEASING = YES;
				CLANG_WARN_BOOL_CONVERSION = YES;
				CLANG_WARN_COMMA = YES;
				CLANG_WARN_CONSTANT_CONVERSION = YES;
				CLANG_WARN_DEPRECATED_OBJC_IMPLEMENTATIONS = YES;
				CLANG_WARN_DIRECT_OBJC_ISA_USAGE = YES_ERROR;
				CLANG_WARN_DOCUMENTATION_COMMENTS = YES;
				CLANG_WARN_EMPTY_BODY = YES;
				CLANG_WARN_ENUM_CONVERSION = YES;
				CLANG_WARN_INFINITE_RECURSION = YES;
				CLANG_WARN_INT_CONVERSION = YES;
				CLANG_WARN_NON_LITERAL_NULL_CONVERSION = YES;
				CLANG_WARN_OBJC_IMPLICIT_RETAIN_SELF = YES;
				CLANG_WARN_OBJC_LITERAL_CONVERSION = YES;
				CLANG_WARN_OBJC_ROOT_CLASS = YES_ERROR;
				CLANG_WARN_QUOTED_INCLUDE_IN_FRAMEWORK_HEADER = YES;
				CLANG_WARN_RANGE_LOOP_ANALYSIS = YES;
				CLANG_WARN_STRICT_PROTOTYPES = YES;
				CLANG_WARN_SUSPICIOUS_MOVE = YES;
				CLANG_WARN_UNGUARDED_AVAILABILITY = YES_AGGRESSIVE;
				CLANG_WARN_UNREACHABLE_CODE = YES;
				CLANG_WARN__DUPLICATE_METHOD_MATCH = YES;
				COPY_PHASE_STRIP = NO;
				DEBUG_INFORMATION_FORMAT = dwarf;
				ENABLE_STRICT_OBJC_MSGSEND = YES;
				ENABLE_TESTABILITY = YES;
				GCC_C_LANGUAGE_STANDARD = gnu11;
				GCC_DYNAMIC_NO_PIC = NO;
				GCC_NO_COMMON_BLOCKS = YES;
				GCC_OPTIMIZATION_LEVEL = 0;
				GCC_PREPROCESSOR_DEFINITIONS = (
					"DEBUG=1",
					"$(inherited)",
				);
				GCC_WARN_64_TO_32_BIT_CONVERSION = YES;
				GCC_WARN_ABOUT_RETURN_TYPE = YES_ERROR;
				GCC_WARN_UNDECLARED_SELECTOR = YES;
				GCC_WARN_UNINITIALIZED_AUTOS = YES_AGGRESSIVE;
				GCC_WARN_UNUSED_FUNCTION = YES;
				GCC_WARN_UNUSED_VARIABLE = YES;
				IPHONEOS_DEPLOYMENT_TARGET = 14.4;
				MTL_ENABLE_DEBUG_INFO = INCLUDE_SOURCE;
				MTL_FAST_MATH = YES;
				ONLY_ACTIVE_ARCH = YES;
				SDKROOT = iphoneos;
				SWIFT_ACTIVE_COMPILATION_CONDITIONS = DEBUG;
				SWIFT_OPTIMIZATION_LEVEL = "-Onone";
			};
			name = Debug;
		};
		8714E9BC26574D8500FFFBC2 /* Release */ = {
			isa = XCBuildConfiguration;
			buildSettings = {
				ALWAYS_SEARCH_USER_PATHS = NO;
				CLANG_ANALYZER_NONNULL = YES;
				CLANG_ANALYZER_NUMBER_OBJECT_CONVERSION = YES_AGGRESSIVE;
				CLANG_CXX_LANGUAGE_STANDARD = "gnu++14";
				CLANG_CXX_LIBRARY = "libc++";
				CLANG_ENABLE_MODULES = YES;
				CLANG_ENABLE_OBJC_ARC = YES;
				CLANG_ENABLE_OBJC_WEAK = YES;
				CLANG_WARN_BLOCK_CAPTURE_AUTORELEASING = YES;
				CLANG_WARN_BOOL_CONVERSION = YES;
				CLANG_WARN_COMMA = YES;
				CLANG_WARN_CONSTANT_CONVERSION = YES;
				CLANG_WARN_DEPRECATED_OBJC_IMPLEMENTATIONS = YES;
				CLANG_WARN_DIRECT_OBJC_ISA_USAGE = YES_ERROR;
				CLANG_WARN_DOCUMENTATION_COMMENTS = YES;
				CLANG_WARN_EMPTY_BODY = YES;
				CLANG_WARN_ENUM_CONVERSION = YES;
				CLANG_WARN_INFINITE_RECURSION = YES;
				CLANG_WARN_INT_CONVERSION = YES;
				CLANG_WARN_NON_LITERAL_NULL_CONVERSION = YES;
				CLANG_WARN_OBJC_IMPLICIT_RETAIN_SELF = YES;
				CLANG_WARN_OBJC_LITERAL_CONVERSION = YES;
				CLANG_WARN_OBJC_ROOT_CLASS = YES_ERROR;
				CLANG_WARN_QUOTED_INCLUDE_IN_FRAMEWORK_HEADER = YES;
				CLANG_WARN_RANGE_LOOP_ANALYSIS = YES;
				CLANG_WARN_STRICT_PROTOTYPES = YES;
				CLANG_WARN_SUSPICIOUS_MOVE = YES;
				CLANG_WARN_UNGUARDED_AVAILABILITY = YES_AGGRESSIVE;
				CLANG_WARN_UNREACHABLE_CODE = YES;
				CLANG_WARN__DUPLICATE_METHOD_MATCH = YES;
				COPY_PHASE_STRIP = NO;
				DEBUG_INFORMATION_FORMAT = "dwarf-with-dsym";
				ENABLE_NS_ASSERTIONS = NO;
				ENABLE_STRICT_OBJC_MSGSEND = YES;
				GCC_C_LANGUAGE_STANDARD = gnu11;
				GCC_NO_COMMON_BLOCKS = YES;
				GCC_WARN_64_TO_32_BIT_CONVERSION = YES;
				GCC_WARN_ABOUT_RETURN_TYPE = YES_ERROR;
				GCC_WARN_UNDECLARED_SELECTOR = YES;
				GCC_WARN_UNINITIALIZED_AUTOS = YES_AGGRESSIVE;
				GCC_WARN_UNUSED_FUNCTION = YES;
				GCC_WARN_UNUSED_VARIABLE = YES;
				IPHONEOS_DEPLOYMENT_TARGET = 14.4;
				MTL_ENABLE_DEBUG_INFO = NO;
				MTL_FAST_MATH = YES;
				SDKROOT = iphoneos;
				SWIFT_COMPILATION_MODE = wholemodule;
				SWIFT_OPTIMIZATION_LEVEL = "-O";
				VALIDATE_PRODUCT = YES;
			};
			name = Release;
		};
		8714E9BE26574D8500FFFBC2 /* Debug */ = {
			isa = XCBuildConfiguration;
			buildSettings = {
				ASSETCATALOG_COMPILER_APPICON_NAME = AppIcon;
				ASSETCATALOG_COMPILER_GLOBAL_ACCENT_COLOR_NAME = AccentColor;
				CODE_SIGN_STYLE = Automatic;
				DEVELOPMENT_TEAM = NFUNKMQX66;
				INFOPLIST_FILE = SngularQuizGame/Info.plist;
				LD_RUNPATH_SEARCH_PATHS = (
					"$(inherited)",
					"@executable_path/Frameworks",
				);
				PRODUCT_BUNDLE_IDENTIFIER = com.sngular.SngularQuizGame;
				PRODUCT_NAME = "$(TARGET_NAME)";
				SWIFT_VERSION = 5.0;
				TARGETED_DEVICE_FAMILY = "1,2";
			};
			name = Debug;
		};
		8714E9BF26574D8500FFFBC2 /* Release */ = {
			isa = XCBuildConfiguration;
			buildSettings = {
				ASSETCATALOG_COMPILER_APPICON_NAME = AppIcon;
				ASSETCATALOG_COMPILER_GLOBAL_ACCENT_COLOR_NAME = AccentColor;
				CODE_SIGN_STYLE = Automatic;
				DEVELOPMENT_TEAM = NFUNKMQX66;
				INFOPLIST_FILE = SngularQuizGame/Info.plist;
				LD_RUNPATH_SEARCH_PATHS = (
					"$(inherited)",
					"@executable_path/Frameworks",
				);
				PRODUCT_BUNDLE_IDENTIFIER = com.sngular.SngularQuizGame;
				PRODUCT_NAME = "$(TARGET_NAME)";
				SWIFT_VERSION = 5.0;
				TARGETED_DEVICE_FAMILY = "1,2";
			};
			name = Release;
		};
/* End XCBuildConfiguration section */

/* Begin XCConfigurationList section */
		8714E9A426574D8100FFFBC2 /* Build configuration list for PBXProject "SngularQuizGame" */ = {
			isa = XCConfigurationList;
			buildConfigurations = (
				8714E9BB26574D8500FFFBC2 /* Debug */,
				8714E9BC26574D8500FFFBC2 /* Release */,
			);
			defaultConfigurationIsVisible = 0;
			defaultConfigurationName = Release;
		};
		8714E9BD26574D8500FFFBC2 /* Build configuration list for PBXNativeTarget "SngularQuizGame" */ = {
			isa = XCConfigurationList;
			buildConfigurations = (
				8714E9BE26574D8500FFFBC2 /* Debug */,
				8714E9BF26574D8500FFFBC2 /* Release */,
			);
			defaultConfigurationIsVisible = 0;
			defaultConfigurationName = Release;
		};
/* End XCConfigurationList section */
	};
	rootObject = 8714E9A126574D8100FFFBC2 /* Project object */;
}
